// !$*UTF8*$!
{
	archiveVersion = 1;
	classes = {
	};
	objectVersion = 56;
	objects = {

/* Begin PBXBuildFile section */
		F52CDBB029C2EBC60052DADF /* AppDelegate.swift in Sources */ = {isa = PBXBuildFile; fileRef = F52CDBAF29C2EBC60052DADF /* AppDelegate.swift */; };
		F52CDBB229C2EBC60052DADF /* SceneDelegate.swift in Sources */ = {isa = PBXBuildFile; fileRef = F52CDBB129C2EBC60052DADF /* SceneDelegate.swift */; };
		F52CDBB429C2EBC60052DADF /* TipViewController.swift in Sources */ = {isa = PBXBuildFile; fileRef = F52CDBB329C2EBC60052DADF /* TipViewController.swift */; };
		F52CDBB729C2EBC60052DADF /* Main.storyboard in Resources */ = {isa = PBXBuildFile; fileRef = F52CDBB529C2EBC60052DADF /* Main.storyboard */; };
		F52CDBB929C2EBC70052DADF /* Assets.xcassets in Resources */ = {isa = PBXBuildFile; fileRef = F52CDBB829C2EBC70052DADF /* Assets.xcassets */; };
		F52CDBBC29C2EBC70052DADF /* LaunchScreen.storyboard in Resources */ = {isa = PBXBuildFile; fileRef = F52CDBBA29C2EBC70052DADF /* LaunchScreen.storyboard */; };
		F52CDBC829C376FC0052DADF /* TippedViewController.swift in Sources */ = {isa = PBXBuildFile; fileRef = F52CDBC729C376FC0052DADF /* TippedViewController.swift */; };
		F52CDBCA29C3808D0052DADF /* TippingBrain.swift in Sources */ = {isa = PBXBuildFile; fileRef = F52CDBC929C3808D0052DADF /* TippingBrain.swift */; };
/* End PBXBuildFile section */

/* Begin PBXFileReference section */
		F52CDBAC29C2EBC60052DADF /* TheTippingApp.app */ = {isa = PBXFileReference; explicitFileType = wrapper.application; includeInIndex = 0; path = TheTippingApp.app; sourceTree = BUILT_PRODUCTS_DIR; };
		F52CDBAF29C2EBC60052DADF /* AppDelegate.swift */ = {isa = PBXFileReference; lastKnownFileType = sourcecode.swift; path = AppDelegate.swift; sourceTree = "<group>"; };
		F52CDBB129C2EBC60052DADF /* SceneDelegate.swift */ = {isa = PBXFileReference; lastKnownFileType = sourcecode.swift; path = SceneDelegate.swift; sourceTree = "<group>"; };
		F52CDBB329C2EBC60052DADF /* TipViewController.swift */ = {isa = PBXFileReference; lastKnownFileType = sourcecode.swift; path = TipViewController.swift; sourceTree = "<group>"; };
		F52CDBB629C2EBC60052DADF /* Base */ = {isa = PBXFileReference; lastKnownFileType = file.storyboard; name = Base; path = Base.lproj/Main.storyboard; sourceTree = "<group>"; };
		F52CDBB829C2EBC70052DADF /* Assets.xcassets */ = {isa = PBXFileReference; lastKnownFileType = folder.assetcatalog; path = Assets.xcassets; sourceTree = "<group>"; };
		F52CDBBB29C2EBC70052DADF /* Base */ = {isa = PBXFileReference; lastKnownFileType = file.storyboard; name = Base; path = Base.lproj/LaunchScreen.storyboard; sourceTree = "<group>"; };
		F52CDBBD29C2EBC70052DADF /* Info.plist */ = {isa = PBXFileReference; lastKnownFileType = text.plist.xml; path = Info.plist; sourceTree = "<group>"; };
		F52CDBC729C376FC0052DADF /* TippedViewController.swift */ = {isa = PBXFileReference; lastKnownFileType = sourcecode.swift; path = TippedViewController.swift; sourceTree = "<group>"; };
		F52CDBC929C3808D0052DADF /* TippingBrain.swift */ = {isa = PBXFileReference; lastKnownFileType = sourcecode.swift; path = TippingBrain.swift; sourceTree = "<group>"; };
/* End PBXFileReference section */

/* Begin PBXFrameworksBuildPhase section */
		F52CDBA929C2EBC60052DADF /* Frameworks */ = {
			isa = PBXFrameworksBuildPhase;
			buildActionMask = 2147483647;
			files = (
			);
			runOnlyForDeploymentPostprocessing = 0;
		};
/* End PBXFrameworksBuildPhase section */

/* Begin PBXGroup section */
		F52CDBA329C2EBC60052DADF = {
			isa = PBXGroup;
			children = (
				F52CDBAE29C2EBC60052DADF /* TheTippingApp */,
				F52CDBAD29C2EBC60052DADF /* Products */,
			);
			sourceTree = "<group>";
		};
		F52CDBAD29C2EBC60052DADF /* Products */ = {
			isa = PBXGroup;
			children = (
				F52CDBAC29C2EBC60052DADF /* TheTippingApp.app */,
			);
			name = Products;
			sourceTree = "<group>";
		};
		F52CDBAE29C2EBC60052DADF /* TheTippingApp */ = {
			isa = PBXGroup;
			children = (
				F52CDBC629C2F02F0052DADF /* App&SceneDelegate */,
				F52CDBC529C2F0280052DADF /* Model */,
				F52CDBC429C2F0200052DADF /* View */,
				F52CDBC329C2F0170052DADF /* Controller */,
				F52CDBB829C2EBC70052DADF /* Assets.xcassets */,
				F52CDBBD29C2EBC70052DADF /* Info.plist */,
			);
			path = TheTippingApp;
			sourceTree = "<group>";
		};
		F52CDBC329C2F0170052DADF /* Controller */ = {
			isa = PBXGroup;
			children = (
				F52CDBB329C2EBC60052DADF /* TipViewController.swift */,
				F52CDBC729C376FC0052DADF /* TippedViewController.swift */,
			);
			path = Controller;
			sourceTree = "<group>";
		};
		F52CDBC429C2F0200052DADF /* View */ = {
			isa = PBXGroup;
			children = (
				F52CDBB529C2EBC60052DADF /* Main.storyboard */,
				F52CDBBA29C2EBC70052DADF /* LaunchScreen.storyboard */,
			);
			path = View;
			sourceTree = "<group>";
		};
		F52CDBC529C2F0280052DADF /* Model */ = {
			isa = PBXGroup;
			children = (
				F52CDBC929C3808D0052DADF /* TippingBrain.swift */,
			);
			path = Model;
			sourceTree = "<group>";
		};
		F52CDBC629C2F02F0052DADF /* App&SceneDelegate */ = {
			isa = PBXGroup;
			children = (
				F52CDBAF29C2EBC60052DADF /* AppDelegate.swift */,
				F52CDBB129C2EBC60052DADF /* SceneDelegate.swift */,
			);
			path = "App&SceneDelegate";
			sourceTree = "<group>";
		};
/* End PBXGroup section */

/* Begin PBXNativeTarget section */
		F52CDBAB29C2EBC60052DADF /* TheTippingApp */ = {
			isa = PBXNativeTarget;
			buildConfigurationList = F52CDBC029C2EBC70052DADF /* Build configuration list for PBXNativeTarget "TheTippingApp" */;
			buildPhases = (
				F52CDBA829C2EBC60052DADF /* Sources */,
				F52CDBA929C2EBC60052DADF /* Frameworks */,
				F52CDBAA29C2EBC60052DADF /* Resources */,
			);
			buildRules = (
			);
			dependencies = (
			);
			name = TheTippingApp;
			productName = TheTippingApp;
			productReference = F52CDBAC29C2EBC60052DADF /* TheTippingApp.app */;
			productType = "com.apple.product-type.application";
		};
/* End PBXNativeTarget section */

/* Begin PBXProject section */
		F52CDBA429C2EBC60052DADF /* Project object */ = {
			isa = PBXProject;
			attributes = {
				BuildIndependentTargetsInParallel = 1;
				LastSwiftUpdateCheck = 1420;
				LastUpgradeCheck = 1420;
				TargetAttributes = {
					F52CDBAB29C2EBC60052DADF = {
						CreatedOnToolsVersion = 14.2;
					};
				};
			};
			buildConfigurationList = F52CDBA729C2EBC60052DADF /* Build configuration list for PBXProject "TheTippingApp" */;
			compatibilityVersion = "Xcode 14.0";
			developmentRegion = en;
			hasScannedForEncodings = 0;
			knownRegions = (
				en,
				Base,
			);
			mainGroup = F52CDBA329C2EBC60052DADF;
			productRefGroup = F52CDBAD29C2EBC60052DADF /* Products */;
			projectDirPath = "";
			projectRoot = "";
			targets = (
				F52CDBAB29C2EBC60052DADF /* TheTippingApp */,
			);
		};
/* End PBXProject section */

/* Begin PBXResourcesBuildPhase section */
		F52CDBAA29C2EBC60052DADF /* Resources */ = {
			isa = PBXResourcesBuildPhase;
			buildActionMask = 2147483647;
			files = (
				F52CDBBC29C2EBC70052DADF /* LaunchScreen.storyboard in Resources */,
				F52CDBB929C2EBC70052DADF /* Assets.xcassets in Resources */,
				F52CDBB729C2EBC60052DADF /* Main.storyboard in Resources */,
			);
			runOnlyForDeploymentPostprocessing = 0;
		};
/* End PBXResourcesBuildPhase section */

/* Begin PBXSourcesBuildPhase section */
		F52CDBA829C2EBC60052DADF /* Sources */ = {
			isa = PBXSourcesBuildPhase;
			buildActionMask = 2147483647;
			files = (
				F52CDBB429C2EBC60052DADF /* TipViewController.swift in Sources */,
				F52CDBB029C2EBC60052DADF /* AppDelegate.swift in Sources */,
				F52CDBCA29C3808D0052DADF /* TippingBrain.swift in Sources */,
				F52CDBC829C376FC0052DADF /* TippedViewController.swift in Sources */,
				F52CDBB229C2EBC60052DADF /* SceneDelegate.swift in Sources */,
			);
			runOnlyForDeploymentPostprocessing = 0;
		};
/* End PBXSourcesBuildPhase section */

/* Begin PBXVariantGroup section */
		F52CDBB529C2EBC60052DADF /* Main.storyboard */ = {
			isa = PBXVariantGroup;
			children = (
				F52CDBB629C2EBC60052DADF /* Base */,
			);
			name = Main.storyboard;
			sourceTree = "<group>";
		};
		F52CDBBA29C2EBC70052DADF /* LaunchScreen.storyboard */ = {
			isa = PBXVariantGroup;
			children = (
				F52CDBBB29C2EBC70052DADF /* Base */,
			);
			name = LaunchScreen.storyboard;
			sourceTree = "<group>";
		};
/* End PBXVariantGroup section */

/* Begin XCBuildConfiguration section */
		F52CDBBE29C2EBC70052DADF /* Debug */ = {
			isa = XCBuildConfiguration;
			buildSettings = {
				ALWAYS_SEARCH_USER_PATHS = NO;
				CLANG_ANALYZER_NONNULL = YES;
				CLANG_ANALYZER_NUMBER_OBJECT_CONVERSION = YES_AGGRESSIVE;
				CLANG_CXX_LANGUAGE_STANDARD = "gnu++20";
				CLANG_ENABLE_MODULES = YES;
				CLANG_ENABLE_OBJC_ARC = YES;
				CLANG_ENABLE_OBJC_WEAK = YES;
				CLANG_WARN_BLOCK_CAPTURE_AUTORELEASING = YES;
				CLANG_WARN_BOOL_CONVERSION = YES;
				CLANG_WARN_COMMA = YES;
				CLANG_WARN_CONSTANT_CONVERSION = YES;
				CLANG_WARN_DEPRECATED_OBJC_IMPLEMENTATIONS = YES;
				CLANG_WARN_DIRECT_OBJC_ISA_USAGE = YES_ERROR;
				CLANG_WARN_DOCUMENTATION_COMMENTS = YES;
				CLANG_WARN_EMPTY_BODY = YES;
				CLANG_WARN_ENUM_CONVERSION = YES;
				CLANG_WARN_INFINITE_RECURSION = YES;
				CLANG_WARN_INT_CONVERSION = YES;
				CLANG_WARN_NON_LITERAL_NULL_CONVERSION = YES;
				CLANG_WARN_OBJC_IMPLICIT_RETAIN_SELF = YES;
				CLANG_WARN_OBJC_LITERAL_CONVERSION = YES;
				CLANG_WARN_OBJC_ROOT_CLASS = YES_ERROR;
				CLANG_WARN_QUOTED_INCLUDE_IN_FRAMEWORK_HEADER = YES;
				CLANG_WARN_RANGE_LOOP_ANALYSIS = YES;
				CLANG_WARN_STRICT_PROTOTYPES = YES;
				CLANG_WARN_SUSPICIOUS_MOVE = YES;
				CLANG_WARN_UNGUARDED_AVAILABILITY = YES_AGGRESSIVE;
				CLANG_WARN_UNREACHABLE_CODE = YES;
				CLANG_WARN__DUPLICATE_METHOD_MATCH = YES;
				COPY_PHASE_STRIP = NO;
				DEBUG_INFORMATION_FORMAT = dwarf;
				ENABLE_STRICT_OBJC_MSGSEND = YES;
				ENABLE_TESTABILITY = YES;
				GCC_C_LANGUAGE_STANDARD = gnu11;
				GCC_DYNAMIC_NO_PIC = NO;
				GCC_NO_COMMON_BLOCKS = YES;
				GCC_OPTIMIZATION_LEVEL = 0;
				GCC_PREPROCESSOR_DEFINITIONS = (
					"DEBUG=1",
					"$(inherited)",
				);
				GCC_WARN_64_TO_32_BIT_CONVERSION = YES;
				GCC_WARN_ABOUT_RETURN_TYPE = YES_ERROR;
				GCC_WARN_UNDECLARED_SELECTOR = YES;
				GCC_WARN_UNINITIALIZED_AUTOS = YES_AGGRESSIVE;
				GCC_WARN_UNUSED_FUNCTION = YES;
				GCC_WARN_UNUSED_VARIABLE = YES;
				IPHONEOS_DEPLOYMENT_TARGET = 16.2;
				MTL_ENABLE_DEBUG_INFO = INCLUDE_SOURCE;
				MTL_FAST_MATH = YES;
				ONLY_ACTIVE_ARCH = YES;
				SDKROOT = iphoneos;
				SWIFT_ACTIVE_COMPILATION_CONDITIONS = DEBUG;
				SWIFT_OPTIMIZATION_LEVEL = "-Onone";
			};
			name = Debug;
		};
		F52CDBBF29C2EBC70052DADF /* Release */ = {
			isa = XCBuildConfiguration;
			buildSettings = {
				ALWAYS_SEARCH_USER_PATHS = NO;
				CLANG_ANALYZER_NONNULL = YES;
				CLANG_ANALYZER_NUMBER_OBJECT_CONVERSION = YES_AGGRESSIVE;
				CLANG_CXX_LANGUAGE_STANDARD = "gnu++20";
				CLANG_ENABLE_MODULES = YES;
				CLANG_ENABLE_OBJC_ARC = YES;
				CLANG_ENABLE_OBJC_WEAK = YES;
				CLANG_WARN_BLOCK_CAPTURE_AUTORELEASING = YES;
				CLANG_WARN_BOOL_CONVERSION = YES;
				CLANG_WARN_COMMA = YES;
				CLANG_WARN_CONSTANT_CONVERSION = YES;
				CLANG_WARN_DEPRECATED_OBJC_IMPLEMENTATIONS = YES;
				CLANG_WARN_DIRECT_OBJC_ISA_USAGE = YES_ERROR;
				CLANG_WARN_DOCUMENTATION_COMMENTS = YES;
				CLANG_WARN_EMPTY_BODY = YES;
				CLANG_WARN_ENUM_CONVERSION = YES;
				CLANG_WARN_INFINITE_RECURSION = YES;
				CLANG_WARN_INT_CONVERSION = YES;
				CLANG_WARN_NON_LITERAL_NULL_CONVERSION = YES;
				CLANG_WARN_OBJC_IMPLICIT_RETAIN_SELF = YES;
				CLANG_WARN_OBJC_LITERAL_CONVERSION = YES;
				CLANG_WARN_OBJC_ROOT_CLASS = YES_ERROR;
				CLANG_WARN_QUOTED_INCLUDE_IN_FRAMEWORK_HEADER = YES;
				CLANG_WARN_RANGE_LOOP_ANALYSIS = YES;
				CLANG_WARN_STRICT_PROTOTYPES = YES;
				CLANG_WARN_SUSPICIOUS_MOVE = YES;
				CLANG_WARN_UNGUARDED_AVAILABILITY = YES_AGGRESSIVE;
				CLANG_WARN_UNREACHABLE_CODE = YES;
				CLANG_WARN__DUPLICATE_METHOD_MATCH = YES;
				COPY_PHASE_STRIP = NO;
				DEBUG_INFORMATION_FORMAT = "dwarf-with-dsym";
				ENABLE_NS_ASSERTIONS = NO;
				ENABLE_STRICT_OBJC_MSGSEND = YES;
				GCC_C_LANGUAGE_STANDARD = gnu11;
				GCC_NO_COMMON_BLOCKS = YES;
				GCC_WARN_64_TO_32_BIT_CONVERSION = YES;
				GCC_WARN_ABOUT_RETURN_TYPE = YES_ERROR;
				GCC_WARN_UNDECLARED_SELECTOR = YES;
				GCC_WARN_UNINITIALIZED_AUTOS = YES_AGGRESSIVE;
				GCC_WARN_UNUSED_FUNCTION = YES;
				GCC_WARN_UNUSED_VARIABLE = YES;
				IPHONEOS_DEPLOYMENT_TARGET = 16.2;
				MTL_ENABLE_DEBUG_INFO = NO;
				MTL_FAST_MATH = YES;
				SDKROOT = iphoneos;
				SWIFT_COMPILATION_MODE = wholemodule;
				SWIFT_OPTIMIZATION_LEVEL = "-O";
				VALIDATE_PRODUCT = YES;
			};
			name = Release;
		};
		F52CDBC129C2EBC70052DADF /* Debug */ = {
			isa = XCBuildConfiguration;
			buildSettings = {
				ASSETCATALOG_COMPILER_APPICON_NAME = AppIcon;
				ASSETCATALOG_COMPILER_GLOBAL_ACCENT_COLOR_NAME = AccentColor;
				CODE_SIGN_STYLE = Automatic;
				CURRENT_PROJECT_VERSION = 1;
				DEVELOPMENT_TEAM = 59SJ7JX34R;
				GENERATE_INFOPLIST_FILE = YES;
				INFOPLIST_FILE = TheTippingApp/Info.plist;
				INFOPLIST_KEY_UIApplicationSupportsIndirectInputEvents = YES;
				INFOPLIST_KEY_UILaunchStoryboardName = LaunchScreen;
				INFOPLIST_KEY_UIMainStoryboardFile = Main;
				INFOPLIST_KEY_UISupportedInterfaceOrientations_iPad = "UIInterfaceOrientationPortrait UIInterfaceOrientationPortraitUpsideDown UIInterfaceOrientationLandscapeLeft UIInterfaceOrientationLandscapeRight";
				INFOPLIST_KEY_UISupportedInterfaceOrientations_iPhone = "UIInterfaceOrientationPortrait UIInterfaceOrientationLandscapeLeft UIInterfaceOrientationLandscapeRight";
				LD_RUNPATH_SEARCH_PATHS = (
					"$(inherited)",
					"@executable_path/Frameworks",
				);
				MARKETING_VERSION = 1.0;
				PRODUCT_BUNDLE_IDENTIFIER = com.wyne.TheTippingApp;
				PRODUCT_NAME = "$(TARGET_NAME)";
				SWIFT_EMIT_LOC_STRINGS = YES;
				SWIFT_VERSION = 5.0;
				TARGETED_DEVICE_FAMILY = "1,2";
			};
			name = Debug;
		};
		F52CDBC229C2EBC70052DADF /* Release */ = {
			isa = XCBuildConfiguration;
			buildSettings = {
				ASSETCATALOG_COMPILER_APPICON_NAME = AppIcon;
				ASSETCATALOG_COMPILER_GLOBAL_ACCENT_COLOR_NAME = AccentColor;
				CODE_SIGN_STYLE = Automatic;
				CURRENT_PROJECT_VERSION = 1;
				DEVELOPMENT_TEAM = 59SJ7JX34R;
				GENERATE_INFOPLIST_FILE = YES;
				INFOPLIST_FILE = TheTippingApp/Info.plist;
				INFOPLIST_KEY_UIApplicationSupportsIndirectInputEvents = YES;
				INFOPLIST_KEY_UILaunchStoryboardName = LaunchScreen;
				INFOPLIST_KEY_UIMainStoryboardFile = Main;
				INFOPLIST_KEY_UISupportedInterfaceOrientations_iPad = "UIInterfaceOrientationPortrait UIInterfaceOrientationPortraitUpsideDown UIInterfaceOrientationLandscapeLeft UIInterfaceOrientationLandscapeRight";
				INFOPLIST_KEY_UISupportedInterfaceOrientations_iPhone = "UIInterfaceOrientationPortrait UIInterfaceOrientationLandscapeLeft UIInterfaceOrientationLandscapeRight";
				LD_RUNPATH_SEARCH_PATHS = (
					"$(inherited)",
					"@executable_path/Frameworks",
				);
				MARKETING_VERSION = 1.0;
				PRODUCT_BUNDLE_IDENTIFIER = com.wyne.TheTippingApp;
				PRODUCT_NAME = "$(TARGET_NAME)";
				SWIFT_EMIT_LOC_STRINGS = YES;
				SWIFT_VERSION = 5.0;
				TARGETED_DEVICE_FAMILY = "1,2";
			};
			name = Release;
		};
/* End XCBuildConfiguration section */

/* Begin XCConfigurationList section */
		F52CDBA729C2EBC60052DADF /* Build configuration list for PBXProject "TheTippingApp" */ = {
			isa = XCConfigurationList;
			buildConfigurations = (
				F52CDBBE29C2EBC70052DADF /* Debug */,
				F52CDBBF29C2EBC70052DADF /* Release */,
			);
			defaultConfigurationIsVisible = 0;
			defaultConfigurationName = Release;
		};
		F52CDBC029C2EBC70052DADF /* Build configuration list for PBXNativeTarget "TheTippingApp" */ = {
			isa = XCConfigurationList;
			buildConfigurations = (
				F52CDBC129C2EBC70052DADF /* Debug */,
				F52CDBC229C2EBC70052DADF /* Release */,
			);
			defaultConfigurationIsVisible = 0;
			defaultConfigurationName = Release;
		};
/* End XCConfigurationList section */
	};
	rootObject = F52CDBA429C2EBC60052DADF /* Project object */;
}
